{
    "_readme": [
        "This file locks the dependencies of your project to a known state",
        "Read more about it at https://getcomposer.org/doc/01-basic-usage.md#installing-dependencies",
        "This file is @generated automatically"
    ],
    "content-hash": "1761b0481df7a4ae08b6443b6e33b8ab",
    "packages": [
        {
            "name": "dragonmantank/cron-expression",
            "version": "v3.4.0",
            "source": {
                "type": "git",
                "url": "https://github.com/dragonmantank/cron-expression.git",
                "reference": "8c784d071debd117328803d86b2097615b457500"
            },
            "dist": {
                "type": "zip",
                "url": "https://api.github.com/repos/dragonmantank/cron-expression/zipball/8c784d071debd117328803d86b2097615b457500",
                "reference": "8c784d071debd117328803d86b2097615b457500",
                "shasum": ""
            },
            "require": {
                "php": "^7.2|^8.0",
                "webmozart/assert": "^1.0"
            },
            "replace": {
                "mtdowling/cron-expression": "^1.0"
            },
            "require-dev": {
                "phpstan/extension-installer": "^1.0",
                "phpstan/phpstan": "^1.0",
                "phpunit/phpunit": "^7.0|^8.0|^9.0"
            },
            "type": "library",
            "extra": {
                "branch-alias": {
                    "dev-master": "3.x-dev"
                }
            },
            "autoload": {
                "psr-4": {
                    "Cron\\": "src/Cron/"
                }
            },
            "notification-url": "https://packagist.org/downloads/",
            "license": [
                "MIT"
            ],
            "authors": [
                {
                    "name": "Chris Tankersley",
                    "email": "chris@ctankersley.com",
                    "homepage": "https://github.com/dragonmantank"
                }
            ],
            "description": "CRON for PHP: Calculate the next or previous run date and determine if a CRON expression is due",
            "keywords": [
                "cron",
                "schedule"
            ],
            "support": {
                "issues": "https://github.com/dragonmantank/cron-expression/issues",
                "source": "https://github.com/dragonmantank/cron-expression/tree/v3.4.0"
            },
            "funding": [
                {
                    "url": "https://github.com/dragonmantank",
                    "type": "github"
                }
            ],
            "time": "2024-10-09T13:47:03+00:00"
        },
        {
            "name": "evenement/evenement",
            "version": "v3.0.2",
            "source": {
                "type": "git",
                "url": "https://github.com/igorw/evenement.git",
                "reference": "0a16b0d71ab13284339abb99d9d2bd813640efbc"
            },
            "dist": {
                "type": "zip",
                "url": "https://api.github.com/repos/igorw/evenement/zipball/0a16b0d71ab13284339abb99d9d2bd813640efbc",
                "reference": "0a16b0d71ab13284339abb99d9d2bd813640efbc",
                "shasum": ""
            },
            "require": {
                "php": ">=7.0"
            },
            "require-dev": {
                "phpunit/phpunit": "^9 || ^6"
            },
            "type": "library",
            "autoload": {
                "psr-4": {
                    "Evenement\\": "src/"
                }
            },
            "notification-url": "https://packagist.org/downloads/",
            "license": [
                "MIT"
            ],
            "authors": [
                {
                    "name": "Igor Wiedler",
                    "email": "igor@wiedler.ch"
                }
            ],
            "description": "Événement is a very simple event dispatching library for PHP",
            "keywords": [
                "event-dispatcher",
                "event-emitter"
            ],
            "support": {
                "issues": "https://github.com/igorw/evenement/issues",
                "source": "https://github.com/igorw/evenement/tree/v3.0.2"
            },
            "time": "2023-08-08T05:53:35+00:00"
        },
        {
            "name": "react/child-process",
            "version": "v0.6.5",
            "source": {
                "type": "git",
                "url": "https://github.com/reactphp/child-process.git",
                "reference": "e71eb1aa55f057c7a4a0d08d06b0b0a484bead43"
            },
            "dist": {
                "type": "zip",
                "url": "https://api.github.com/repos/reactphp/child-process/zipball/e71eb1aa55f057c7a4a0d08d06b0b0a484bead43",
                "reference": "e71eb1aa55f057c7a4a0d08d06b0b0a484bead43",
                "shasum": ""
            },
            "require": {
                "evenement/evenement": "^3.0 || ^2.0 || ^1.0",
                "php": ">=5.3.0",
                "react/event-loop": "^1.2",
                "react/stream": "^1.2"
            },
            "require-dev": {
                "phpunit/phpunit": "^9.3 || ^5.7 || ^4.8.35",
                "react/socket": "^1.8",
                "sebastian/environment": "^5.0 || ^3.0 || ^2.0 || ^1.0"
            },
            "type": "library",
            "autoload": {
                "psr-4": {
                    "React\\ChildProcess\\": "src"
                }
            },
            "notification-url": "https://packagist.org/downloads/",
            "license": [
                "MIT"
            ],
            "authors": [
                {
                    "name": "Christian Lück",
                    "email": "christian@clue.engineering",
                    "homepage": "https://clue.engineering/"
                },
                {
                    "name": "Cees-Jan Kiewiet",
                    "email": "reactphp@ceesjankiewiet.nl",
                    "homepage": "https://wyrihaximus.net/"
                },
                {
                    "name": "Jan Sorgalla",
                    "email": "jsorgalla@gmail.com",
                    "homepage": "https://sorgalla.com/"
                },
                {
                    "name": "Chris Boden",
                    "email": "cboden@gmail.com",
                    "homepage": "https://cboden.dev/"
                }
            ],
            "description": "Event-driven library for executing child processes with ReactPHP.",
            "keywords": [
                "event-driven",
                "process",
                "reactphp"
            ],
            "support": {
                "issues": "https://github.com/reactphp/child-process/issues",
                "source": "https://github.com/reactphp/child-process/tree/v0.6.5"
            },
            "funding": [
                {
                    "url": "https://github.com/WyriHaximus",
                    "type": "github"
                },
                {
                    "url": "https://github.com/clue",
                    "type": "github"
                }
            ],
            "time": "2022-09-16T13:41:56+00:00"
        },
        {
            "name": "react/event-loop",
            "version": "v1.5.0",
            "source": {
                "type": "git",
                "url": "https://github.com/reactphp/event-loop.git",
                "reference": "bbe0bd8c51ffc05ee43f1729087ed3bdf7d53354"
            },
            "dist": {
                "type": "zip",
                "url": "https://api.github.com/repos/reactphp/event-loop/zipball/bbe0bd8c51ffc05ee43f1729087ed3bdf7d53354",
                "reference": "bbe0bd8c51ffc05ee43f1729087ed3bdf7d53354",
                "shasum": ""
            },
            "require": {
                "php": ">=5.3.0"
            },
            "require-dev": {
                "phpunit/phpunit": "^9.6 || ^5.7 || ^4.8.36"
            },
            "suggest": {
                "ext-pcntl": "For signal handling support when using the StreamSelectLoop"
            },
            "type": "library",
            "autoload": {
                "psr-4": {
                    "React\\EventLoop\\": "src/"
                }
            },
            "notification-url": "https://packagist.org/downloads/",
            "license": [
                "MIT"
            ],
            "authors": [
                {
                    "name": "Christian Lück",
                    "email": "christian@clue.engineering",
                    "homepage": "https://clue.engineering/"
                },
                {
                    "name": "Cees-Jan Kiewiet",
                    "email": "reactphp@ceesjankiewiet.nl",
                    "homepage": "https://wyrihaximus.net/"
                },
                {
                    "name": "Jan Sorgalla",
                    "email": "jsorgalla@gmail.com",
                    "homepage": "https://sorgalla.com/"
                },
                {
                    "name": "Chris Boden",
                    "email": "cboden@gmail.com",
                    "homepage": "https://cboden.dev/"
                }
            ],
            "description": "ReactPHP's core reactor event loop that libraries can use for evented I/O.",
            "keywords": [
                "asynchronous",
                "event-loop"
            ],
            "support": {
                "issues": "https://github.com/reactphp/event-loop/issues",
                "source": "https://github.com/reactphp/event-loop/tree/v1.5.0"
            },
            "funding": [
                {
                    "url": "https://opencollective.com/reactphp",
                    "type": "open_collective"
                }
            ],
            "time": "2023-11-13T13:48:05+00:00"
        },
        {
            "name": "react/stream",
            "version": "v1.4.0",
            "source": {
                "type": "git",
                "url": "https://github.com/reactphp/stream.git",
                "reference": "1e5b0acb8fe55143b5b426817155190eb6f5b18d"
            },
            "dist": {
                "type": "zip",
                "url": "https://api.github.com/repos/reactphp/stream/zipball/1e5b0acb8fe55143b5b426817155190eb6f5b18d",
                "reference": "1e5b0acb8fe55143b5b426817155190eb6f5b18d",
                "shasum": ""
            },
            "require": {
                "evenement/evenement": "^3.0 || ^2.0 || ^1.0",
                "php": ">=5.3.8",
                "react/event-loop": "^1.2"
            },
            "require-dev": {
                "clue/stream-filter": "~1.2",
                "phpunit/phpunit": "^9.6 || ^5.7 || ^4.8.36"
            },
            "type": "library",
            "autoload": {
                "psr-4": {
                    "React\\Stream\\": "src/"
                }
            },
            "notification-url": "https://packagist.org/downloads/",
            "license": [
                "MIT"
            ],
            "authors": [
                {
                    "name": "Christian Lück",
                    "email": "christian@clue.engineering",
                    "homepage": "https://clue.engineering/"
                },
                {
                    "name": "Cees-Jan Kiewiet",
                    "email": "reactphp@ceesjankiewiet.nl",
                    "homepage": "https://wyrihaximus.net/"
                },
                {
                    "name": "Jan Sorgalla",
                    "email": "jsorgalla@gmail.com",
                    "homepage": "https://sorgalla.com/"
                },
                {
                    "name": "Chris Boden",
                    "email": "cboden@gmail.com",
                    "homepage": "https://cboden.dev/"
                }
            ],
            "description": "Event-driven readable and writable streams for non-blocking I/O in ReactPHP",
            "keywords": [
                "event-driven",
                "io",
                "non-blocking",
                "pipe",
                "reactphp",
                "readable",
                "stream",
                "writable"
            ],
            "support": {
                "issues": "https://github.com/reactphp/stream/issues",
                "source": "https://github.com/reactphp/stream/tree/v1.4.0"
            },
            "funding": [
                {
                    "url": "https://opencollective.com/reactphp",
                    "type": "open_collective"
                }
            ],
            "time": "2024-06-11T12:45:25+00:00"
        },
        {
            "name": "webmozart/assert",
            "version": "1.11.0",
            "source": {
                "type": "git",
                "url": "https://github.com/webmozarts/assert.git",
                "reference": "11cb2199493b2f8a3b53e7f19068fc6aac760991"
            },
            "dist": {
                "type": "zip",
                "url": "https://api.github.com/repos/webmozarts/assert/zipball/11cb2199493b2f8a3b53e7f19068fc6aac760991",
                "reference": "11cb2199493b2f8a3b53e7f19068fc6aac760991",
                "shasum": ""
            },
            "require": {
                "ext-ctype": "*",
                "php": "^7.2 || ^8.0"
            },
            "conflict": {
                "phpstan/phpstan": "<0.12.20",
                "vimeo/psalm": "<4.6.1 || 4.6.2"
            },
            "require-dev": {
                "phpunit/phpunit": "^8.5.13"
            },
            "type": "library",
            "extra": {
                "branch-alias": {
                    "dev-master": "1.10-dev"
                }
            },
            "autoload": {
                "psr-4": {
                    "Webmozart\\Assert\\": "src/"
                }
            },
            "notification-url": "https://packagist.org/downloads/",
            "license": [
                "MIT"
            ],
            "authors": [
                {
                    "name": "Bernhard Schussek",
                    "email": "bschussek@gmail.com"
                }
            ],
            "description": "Assertions to validate method input/output with nice error messages.",
            "keywords": [
                "assert",
                "check",
                "validate"
            ],
            "support": {
                "issues": "https://github.com/webmozarts/assert/issues",
                "source": "https://github.com/webmozarts/assert/tree/1.11.0"
            },
            "time": "2022-06-03T18:03:27+00:00"
        }
    ],
    "packages-dev": [],
    "aliases": [],
    "minimum-stability": "stable",
    "stability-flags": [],
    "prefer-stable": false,
    "prefer-lowest": false,
    "platform": [],
    "platform-dev": [],
    "plugin-api-version": "2.6.0"
}
